
Microsoft Visual Studio Solution File, Format Version 12.00
# Visual Studio Version 17
VisualStudioVersion = 17.13.35931.197
MinimumVisualStudioVersion = 10.0.40219.1
Project("{FAE04EC0-301F-11D3-BF4B-00C04F79EFBC}") = "InventarioApp.UI", "InventarioApp.UI.csproj", "{AEF64CC2-EF4E-49D7-A850-78AC3ABFA7D4}"
EndProject
Project("{FAE04EC0-301F-11D3-BF4B-00C04F79EFBC}") = "InventarioApp_DAL", "..\InventarioApp_AD\InventarioApp_DAL.csproj", "{7D34D6C3-7325-4C34-AD28-2DED8B15384B}"
EndProject
Project("{FAE04EC0-301F-11D3-BF4B-00C04F79EFBC}") = "InventarioApp_BLL", "..\InventarioApp_LN\InventarioApp_BLL.csproj", "{31D0CC89-6350-4265-AC86-E5654037BF97}"
EndProject
Project("{2150E333-8FDC-42A3-9474-1A3956D46DE8}") = "Capas", "Capas", "{02EA681E-C7D8-13C7-8484-4AC65E1B71E8}"
EndProject
Global
	GlobalSection(SolutionConfigurationPlatforms) = preSolution
		Debug|Any CPU = Debug|Any CPU
		Release|Any CPU = Release|Any CPU
	EndGlobalSection
	GlobalSection(ProjectConfigurationPlatforms) = postSolution
		{AEF64CC2-EF4E-49D7-A850-78AC3ABFA7D4}.Debug|Any CPU.ActiveCfg = Debug|Any CPU
		{AEF64CC2-EF4E-49D7-A850-78AC3ABFA7D4}.Debug|Any CPU.Build.0 = Debug|Any CPU
		{AEF64CC2-EF4E-49D7-A850-78AC3ABFA7D4}.Release|Any CPU.ActiveCfg = Release|Any CPU
		{AEF64CC2-EF4E-49D7-A850-78AC3ABFA7D4}.Release|Any CPU.Build.0 = Release|Any CPU
		{7D34D6C3-7325-4C34-AD28-2DED8B15384B}.Debug|Any CPU.ActiveCfg = Debug|Any CPU
		{7D34D6C3-7325-4C34-AD28-2DED8B15384B}.Debug|Any CPU.Build.0 = Debug|Any CPU
		{7D34D6C3-7325-4C34-AD28-2DED8B15384B}.Release|Any CPU.ActiveCfg = Release|Any CPU
		{7D34D6C3-7325-4C34-AD28-2DED8B15384B}.Release|Any CPU.Build.0 = Release|Any CPU
		{31D0CC89-6350-4265-AC86-E5654037BF97}.Debug|Any CPU.ActiveCfg = Debug|Any CPU
		{31D0CC89-6350-4265-AC86-E5654037BF97}.Debug|Any CPU.Build.0 = Debug|Any CPU
		{31D0CC89-6350-4265-AC86-E5654037BF97}.Release|Any CPU.ActiveCfg = Release|Any CPU
		{31D0CC89-6350-4265-AC86-E5654037BF97}.Release|Any CPU.Build.0 = Release|Any CPU
	EndGlobalSection
	GlobalSection(SolutionProperties) = preSolution
		HideSolutionNode = FALSE
	EndGlobalSection
	GlobalSection(NestedProjects) = preSolution
		{AEF64CC2-EF4E-49D7-A850-78AC3ABFA7D4} = {02EA681E-C7D8-13C7-8484-4AC65E1B71E8}
		{7D34D6C3-7325-4C34-AD28-2DED8B15384B} = {02EA681E-C7D8-13C7-8484-4AC65E1B71E8}
		{31D0CC89-6350-4265-AC86-E5654037BF97} = {02EA681E-C7D8-13C7-8484-4AC65E1B71E8}
	EndGlobalSection
	GlobalSection(ExtensibilityGlobals) = postSolution
		SolutionGuid = {1CA3288F-83C4-4B7C-836B-FF1F42FA614C}
	EndGlobalSection
EndGlobal
